
Microsoft Visual Studio Solution File, Format Version 12.00
# Visual Studio Version 17
VisualStudioVersion = 17.8.34330.188
MinimumVisualStudioVersion = 10.0.40219.1
Project("{8BC9CEB8-8B4A-11D0-8D11-00A0C91BC942}") = "HashTable", "HashTable.vcxproj", "{5BDF710C-636B-4B87-914B-C59835BC67B7}"
EndProject
Project("{8BC9CEB8-8B4A-11D0-8D11-00A0C91BC942}") = "UnitTest1", "..\UnitTest1\UnitTest1.vcxproj", "{D515B015-C06B-4ED3-B281-ACE8A0367692}"
EndProject
Global
	GlobalSection(SolutionConfigurationPlatforms) = preSolution
		Debug|x64 = Debug|x64
		Debug|x86 = Debug|x86
		Release|x64 = Release|x64
		Release|x86 = Release|x86
	EndGlobalSection
	GlobalSection(ProjectConfigurationPlatforms) = postSolution
		{5BDF710C-636B-4B87-914B-C59835BC67B7}.Debug|x64.ActiveCfg = Debug|x64
		{5BDF710C-636B-4B87-914B-C59835BC67B7}.Debug|x64.Build.0 = Debug|x64
		{5BDF710C-636B-4B87-914B-C59835BC67B7}.Debug|x86.ActiveCfg = Debug|Win32
		{5BDF710C-636B-4B87-914B-C59835BC67B7}.Debug|x86.Build.0 = Debug|Win32
		{5BDF710C-636B-4B87-914B-C59835BC67B7}.Release|x64.ActiveCfg = Release|x64
		{5BDF710C-636B-4B87-914B-C59835BC67B7}.Release|x64.Build.0 = Release|x64
		{5BDF710C-636B-4B87-914B-C59835BC67B7}.Release|x86.ActiveCfg = Release|Win32
		{5BDF710C-636B-4B87-914B-C59835BC67B7}.Release|x86.Build.0 = Release|Win32
		{D515B015-C06B-4ED3-B281-ACE8A0367692}.Debug|x64.ActiveCfg = Debug|x64
		{D515B015-C06B-4ED3-B281-ACE8A0367692}.Debug|x64.Build.0 = Debug|x64
		{D515B015-C06B-4ED3-B281-ACE8A0367692}.Debug|x86.ActiveCfg = Debug|Win32
		{D515B015-C06B-4ED3-B281-ACE8A0367692}.Debug|x86.Build.0 = Debug|Win32
		{D515B015-C06B-4ED3-B281-ACE8A0367692}.Release|x64.ActiveCfg = Release|x64
		{D515B015-C06B-4ED3-B281-ACE8A0367692}.Release|x64.Build.0 = Release|x64
		{D515B015-C06B-4ED3-B281-ACE8A0367692}.Release|x86.ActiveCfg = Release|Win32
		{D515B015-C06B-4ED3-B281-ACE8A0367692}.Release|x86.Build.0 = Release|Win32
	EndGlobalSection
	GlobalSection(SolutionProperties) = preSolution
		HideSolutionNode = FALSE
	EndGlobalSection
	GlobalSection(ExtensibilityGlobals) = postSolution
		SolutionGuid = {9966B496-54A7-4250-B854-DB582C8ACC0E}
	EndGlobalSection
EndGlobal
